
Microsoft Visual Studio Solution File, Format Version 12.00
# Visual Studio Version 17
VisualStudioVersion = 17.14.37012.4
MinimumVisualStudioVersion = 10.0.40219.1
Project("{FAE04EC0-301F-11D3-BF4B-00C04F79EFBC}") = "VocabifyBot", "VocabifyBot.csproj", "{C19D2E79-B80C-451C-A9AE-54C4328517A5}"
EndProject
Global
	GlobalSection(SolutionConfigurationPlatforms) = preSolution
		Debug|Any CPU = Debug|Any CPU
		Release|Any CPU = Release|Any CPU
	EndGlobalSection
	GlobalSection(ProjectConfigurationPlatforms) = postSolution
		{C19D2E79-B80C-451C-A9AE-54C4328517A5}.Debug|Any CPU.ActiveCfg = Debug|Any CPU
		{C19D2E79-B80C-451C-A9AE-54C4328517A5}.Debug|Any CPU.Build.0 = Debug|Any CPU
		{C19D2E79-B80C-451C-A9AE-54C4328517A5}.Release|Any CPU.ActiveCfg = Release|Any CPU
		{C19D2E79-B80C-451C-A9AE-54C4328517A5}.Release|Any CPU.Build.0 = Release|Any CPU
	EndGlobalSection
	GlobalSection(SolutionProperties) = preSolution
		HideSolutionNode = FALSE
	EndGlobalSection
	GlobalSection(ExtensibilityGlobals) = postSolution
		SolutionGuid = {D3224E2C-3982-4F88-9637-326DFAA88739}
	EndGlobalSection
EndGlobal
